
Microsoft Visual Studio Solution File, Format Version 12.00
# Visual Studio Version 17
VisualStudioVersion = 17.13.35818.85
MinimumVisualStudioVersion = 10.0.40219.1
Project("{FAE04EC0-301F-11D3-BF4B-00C04F79EFBC}") = "CNSigra_arthunt", "CNSigra_arthunt.csproj", "{F2A835E5-F7EF-4DBE-8F5B-7A67BED3ED07}"
EndProject
Project("{2150E333-8FDC-42A3-9474-1A3956D46DE8}") = "Элементы решения", "Элементы решения", "{754FC069-D67B-A9D7-50A1-8D1CA196D8F1}"
	ProjectSection(SolutionItems) = preProject
		bin\Debug\CNSigra_arthunt.exe = bin\Debug\CNSigra_arthunt.exe
		istochnik.txt = istochnik.txt
		документация ultimate arthunt.docx = документация ultimate arthunt.docx
	EndProjectSection
EndProject
Global
	GlobalSection(SolutionConfigurationPlatforms) = preSolution
		Debug|Any CPU = Debug|Any CPU
		Release|Any CPU = Release|Any CPU
	EndGlobalSection
	GlobalSection(ProjectConfigurationPlatforms) = postSolution
		{F2A835E5-F7EF-4DBE-8F5B-7A67BED3ED07}.Debug|Any CPU.ActiveCfg = Debug|Any CPU
		{F2A835E5-F7EF-4DBE-8F5B-7A67BED3ED07}.Debug|Any CPU.Build.0 = Debug|Any CPU
		{F2A835E5-F7EF-4DBE-8F5B-7A67BED3ED07}.Release|Any CPU.ActiveCfg = Release|Any CPU
		{F2A835E5-F7EF-4DBE-8F5B-7A67BED3ED07}.Release|Any CPU.Build.0 = Release|Any CPU
	EndGlobalSection
	GlobalSection(SolutionProperties) = preSolution
		HideSolutionNode = FALSE
	EndGlobalSection
	GlobalSection(ExtensibilityGlobals) = postSolution
		SolutionGuid = {801183DC-0208-4F62-B8B9-4F34728D9140}
	EndGlobalSection
EndGlobal
